
Microsoft Visual Studio Solution File, Format Version 12.00
# Visual Studio Version 17
VisualStudioVersion = 17.6.33712.159
MinimumVisualStudioVersion = 10.0.40219.1
Project("{2150E333-8FDC-42A3-9474-1A3956D46DE8}") = "0. Docs", "0. Docs", "{614E1EED-ACC4-4739-83E1-4330381F2248}"
	ProjectSection(SolutionItems) = preProject
		.gitattributes = .gitattributes
		.gitignore = .gitignore
		README.md = README.md
	EndProjectSection
EndProject
Project("{9A19103F-16F7-4668-BE54-9A1E7A4F7556}") = "WintoneApp", "WintoneApp\WintoneApp.csproj", "{A9CA86E4-E247-491B-9CBF-04463878B9A4}"
EndProject
Project("{2150E333-8FDC-42A3-9474-1A3956D46DE8}") = "1. Clients", "1. Clients", "{C95031E1-B55E-4558-A44E-DFB81032810D}"
EndProject
Project("{FAE04EC0-301F-11D3-BF4B-00C04F79EFBC}") = "WintoneConsole", "WintoneConsole\WintoneConsole.csproj", "{E063458F-3AFD-4FF3-8D0B-D6280633F6CC}"
EndProject
Project("{FAE04EC0-301F-11D3-BF4B-00C04F79EFBC}") = "WintoneLib", "WintoneLib\WintoneLib.csproj", "{240DB426-2029-4595-B049-84007DB943F2}"
EndProject
Global
	GlobalSection(SolutionConfigurationPlatforms) = preSolution
		Debug|Any CPU = Debug|Any CPU
		Release|Any CPU = Release|Any CPU
	EndGlobalSection
	GlobalSection(ProjectConfigurationPlatforms) = postSolution
		{A9CA86E4-E247-491B-9CBF-04463878B9A4}.Debug|Any CPU.ActiveCfg = Debug|Any CPU
		{A9CA86E4-E247-491B-9CBF-04463878B9A4}.Debug|Any CPU.Build.0 = Debug|Any CPU
		{A9CA86E4-E247-491B-9CBF-04463878B9A4}.Release|Any CPU.ActiveCfg = Release|Any CPU
		{A9CA86E4-E247-491B-9CBF-04463878B9A4}.Release|Any CPU.Build.0 = Release|Any CPU
		{E063458F-3AFD-4FF3-8D0B-D6280633F6CC}.Debug|Any CPU.ActiveCfg = Debug|Any CPU
		{E063458F-3AFD-4FF3-8D0B-D6280633F6CC}.Debug|Any CPU.Build.0 = Debug|Any CPU
		{E063458F-3AFD-4FF3-8D0B-D6280633F6CC}.Release|Any CPU.ActiveCfg = Release|Any CPU
		{E063458F-3AFD-4FF3-8D0B-D6280633F6CC}.Release|Any CPU.Build.0 = Release|Any CPU
		{240DB426-2029-4595-B049-84007DB943F2}.Debug|Any CPU.ActiveCfg = Debug|Any CPU
		{240DB426-2029-4595-B049-84007DB943F2}.Debug|Any CPU.Build.0 = Debug|Any CPU
		{240DB426-2029-4595-B049-84007DB943F2}.Release|Any CPU.ActiveCfg = Release|Any CPU
		{240DB426-2029-4595-B049-84007DB943F2}.Release|Any CPU.Build.0 = Release|Any CPU
	EndGlobalSection
	GlobalSection(SolutionProperties) = preSolution
		HideSolutionNode = FALSE
	EndGlobalSection
	GlobalSection(NestedProjects) = preSolution
		{A9CA86E4-E247-491B-9CBF-04463878B9A4} = {C95031E1-B55E-4558-A44E-DFB81032810D}
		{E063458F-3AFD-4FF3-8D0B-D6280633F6CC} = {C95031E1-B55E-4558-A44E-DFB81032810D}
		{240DB426-2029-4595-B049-84007DB943F2} = {C95031E1-B55E-4558-A44E-DFB81032810D}
	EndGlobalSection
	GlobalSection(ExtensibilityGlobals) = postSolution
		SolutionGuid = {E0949FA0-8ABD-4CFB-B5FD-32B2279DCDA7}
	EndGlobalSection
EndGlobal
